{
  "name": "my-typescript-library-test-esm",
  "version": "1.0.0",
  "lockfileVersion": 3,
  "requires": true,
  "packages": {
    "": {
      "name": "my-typescript-library-test-esm",
      "version": "1.0.0",
      "license": "ISC",
      "dependencies": {
        "@stparap/my-typescript-library": "^1.5.0"
      }
    },
    "node_modules/@stparap/my-typescript-library": {
      "version": "1.5.0",
      "resolved": "https://registry.npmjs.org/@stparap/my-typescript-library/-/my-typescript-library-1.5.0.tgz",
      "integrity": "sha512-FQ+YfoBLzP50NTv5BXrw8XpoE3FZio2v/LOIUPXGO9TPiQlhcvD0bigESJ7os+DqS5rPdsKOt4+/nHyxsMTbzw==",
      "license": "ISC"
    }
  }
}
